
Microsoft Visual Studio Solution File, Format Version 12.00
# Visual Studio Version 17
VisualStudioVersion = 17.13.35828.75 d17.13
MinimumVisualStudioVersion = 10.0.40219.1
Project("{FAE04EC0-301F-11D3-BF4B-00C04F79EFBC}") = "chat-client", "chat-buddies\chat-client.csproj", "{58F9FD25-B757-4CFD-A251-5D4745221B61}"
EndProject
Project("{FAE04EC0-301F-11D3-BF4B-00C04F79EFBC}") = "chat-server", "chat-server\chat-server.csproj", "{0B7CB669-2571-4426-B50C-293E358104A6}"
EndProject
Global
	GlobalSection(SolutionConfigurationPlatforms) = preSolution
		Debug|Any CPU = Debug|Any CPU
		Release|Any CPU = Release|Any CPU
	EndGlobalSection
	GlobalSection(ProjectConfigurationPlatforms) = postSolution
		{58F9FD25-B757-4CFD-A251-5D4745221B61}.Debug|Any CPU.ActiveCfg = Debug|Any CPU
		{58F9FD25-B757-4CFD-A251-5D4745221B61}.Debug|Any CPU.Build.0 = Debug|Any CPU
		{58F9FD25-B757-4CFD-A251-5D4745221B61}.Release|Any CPU.ActiveCfg = Release|Any CPU
		{58F9FD25-B757-4CFD-A251-5D4745221B61}.Release|Any CPU.Build.0 = Release|Any CPU
		{0B7CB669-2571-4426-B50C-293E358104A6}.Debug|Any CPU.ActiveCfg = Debug|Any CPU
		{0B7CB669-2571-4426-B50C-293E358104A6}.Debug|Any CPU.Build.0 = Debug|Any CPU
		{0B7CB669-2571-4426-B50C-293E358104A6}.Release|Any CPU.ActiveCfg = Release|Any CPU
		{0B7CB669-2571-4426-B50C-293E358104A6}.Release|Any CPU.Build.0 = Release|Any CPU
	EndGlobalSection
	GlobalSection(SolutionProperties) = preSolution
		HideSolutionNode = FALSE
	EndGlobalSection
	GlobalSection(ExtensibilityGlobals) = postSolution
		SolutionGuid = {F58C78D2-2ED1-4AD6-BA09-3C8381D9DE6D}
	EndGlobalSection
EndGlobal
